{
    "_meta": {
        "hash": {
            "sha256": "ff5a3200b6f64bfc4e5bbdbc389a7dca85d6a147f2c8937cdaa23b59cd9f720b"
        },
        "pipfile-spec": 6,
        "requires": {
            "python_version": "3.5"
        },
        "sources": [
            {
                "name": "pypi",
                "url": "https://pypi.org/simple",
                "verify_ssl": true
            }
        ]
    },
    "default": {
        "django": {
            "hashes": [
                "sha256:9493f9c4417ab6c15221a7ab964f73db0632bc6337ade33810078423b800dbd9",
                "sha256:e2f3ada50cf2106af7b2631b7b0b6f0d983ae30aa218f06d5ec93d3049f94897"
            ],
            "index": "pypi",
            "version": "==2.0.12"
        },
        "pytz": {
            "hashes": [
                "sha256:1c557d7d0e871de1f5ccd5833f60fb2550652da6be2693c1e02300743d21500d",
                "sha256:b02c06db6cf09c12dd25137e563b31700d3b80fcc4ad23abb7a315f2789819be"
            ],
            "version": "==2019.3"
        },
        "tinydb": {
            "hashes": [
                "sha256:2b3dfb59dfb981bf719773bbf78e10ff2081104fe62793d1c4bdbd6f9c62a843",
                "sha256:643807a7793c6ee358d7d7b548ea0828660bff1899b178307bb862e97df645b1"
            ],
            "index": "pypi",
            "version": "==3.11.1"
        }
    },
    "develop": {}
}
